
Microsoft Visual Studio Solution File, Format Version 12.00
# Visual Studio Version 16
VisualStudioVersion = 16.0.30611.23
MinimumVisualStudioVersion = 10.0.40219.1
Project("{9A19103F-16F7-4668-BE54-9A1E7A4F7556}") = "KampIntro", "KampIntro\KampIntro.csproj", "{C3D83560-B492-44AF-A98C-5E25AF368E3A}"
EndProject
Project("{FAE04EC0-301F-11D3-BF4B-00C04F79EFBC}") = "Oop2", "Oop2\Oop2.csproj", "{9F268E25-CF9B-4370-B3FD-614655DEC124}"
EndProject
Project("{FAE04EC0-301F-11D3-BF4B-00C04F79EFBC}") = "Oop3", "Oop3\Oop3.csproj", "{39DAF876-B44F-480D-8318-C7CD312806AE}"
EndProject
Global
	GlobalSection(SolutionConfigurationPlatforms) = preSolution
		Debug|Any CPU = Debug|Any CPU
		Release|Any CPU = Release|Any CPU
	EndGlobalSection
	GlobalSection(ProjectConfigurationPlatforms) = postSolution
		{C3D83560-B492-44AF-A98C-5E25AF368E3A}.Debug|Any CPU.ActiveCfg = Debug|Any CPU
		{C3D83560-B492-44AF-A98C-5E25AF368E3A}.Debug|Any CPU.Build.0 = Debug|Any CPU
		{C3D83560-B492-44AF-A98C-5E25AF368E3A}.Release|Any CPU.ActiveCfg = Release|Any CPU
		{C3D83560-B492-44AF-A98C-5E25AF368E3A}.Release|Any CPU.Build.0 = Release|Any CPU
		{9F268E25-CF9B-4370-B3FD-614655DEC124}.Debug|Any CPU.ActiveCfg = Debug|Any CPU
		{9F268E25-CF9B-4370-B3FD-614655DEC124}.Debug|Any CPU.Build.0 = Debug|Any CPU
		{9F268E25-CF9B-4370-B3FD-614655DEC124}.Release|Any CPU.ActiveCfg = Release|Any CPU
		{9F268E25-CF9B-4370-B3FD-614655DEC124}.Release|Any CPU.Build.0 = Release|Any CPU
		{39DAF876-B44F-480D-8318-C7CD312806AE}.Debug|Any CPU.ActiveCfg = Debug|Any CPU
		{39DAF876-B44F-480D-8318-C7CD312806AE}.Debug|Any CPU.Build.0 = Debug|Any CPU
		{39DAF876-B44F-480D-8318-C7CD312806AE}.Release|Any CPU.ActiveCfg = Release|Any CPU
		{39DAF876-B44F-480D-8318-C7CD312806AE}.Release|Any CPU.Build.0 = Release|Any CPU
	EndGlobalSection
	GlobalSection(SolutionProperties) = preSolution
		HideSolutionNode = FALSE
	EndGlobalSection
	GlobalSection(ExtensibilityGlobals) = postSolution
		SolutionGuid = {FF5B38AC-67B7-4391-8CD4-5BE80E818000}
	EndGlobalSection
EndGlobal
